
Microsoft Visual Studio Solution File, Format Version 12.00
# Visual Studio Version 16
Project("{8BC9CEB8-8B4A-11D0-8D11-00A0C91BC942}") = "ALL_BUILD", "ALL_BUILD.vcxproj", "{EE6577FD-9EB3-30D4-9E0F-BBF097169DCC}"
	ProjectSection(ProjectDependencies) = postProject
		{1F7B2C0F-A2F6-3CF6-AC0E-54216D086E26} = {1F7B2C0F-A2F6-3CF6-AC0E-54216D086E26}
		{7F997877-4E1E-3825-948E-2BFD7E3FB467} = {7F997877-4E1E-3825-948E-2BFD7E3FB467}
		{5BA58DB1-0C21-31FE-B8C1-85C0F378FCA5} = {5BA58DB1-0C21-31FE-B8C1-85C0F378FCA5}
		{9DE4FEAC-3FBF-3D4A-9131-3FA7D92ACAA8} = {9DE4FEAC-3FBF-3D4A-9131-3FA7D92ACAA8}
		{B0129E00-3A49-34AE-AC5C-76B2397C9FE2} = {B0129E00-3A49-34AE-AC5C-76B2397C9FE2}
		{CAE0B0CF-79D8-3BF0-98DC-E9E357AC4AA9} = {CAE0B0CF-79D8-3BF0-98DC-E9E357AC4AA9}
	EndProjectSection
EndProject
Project("{8BC9CEB8-8B4A-11D0-8D11-00A0C91BC942}") = "ZERO_CHECK", "ZERO_CHECK.vcxproj", "{1F7B2C0F-A2F6-3CF6-AC0E-54216D086E26}"
	ProjectSection(ProjectDependencies) = postProject
	EndProjectSection
EndProject
Project("{8BC9CEB8-8B4A-11D0-8D11-00A0C91BC942}") = "cef_gtest", "tests\gtest\cef_gtest.vcxproj", "{7F997877-4E1E-3825-948E-2BFD7E3FB467}"
	ProjectSection(ProjectDependencies) = postProject
		{1F7B2C0F-A2F6-3CF6-AC0E-54216D086E26} = {1F7B2C0F-A2F6-3CF6-AC0E-54216D086E26}
	EndProjectSection
EndProject
Project("{8BC9CEB8-8B4A-11D0-8D11-00A0C91BC942}") = "cefclient", "tests\cefclient\cefclient.vcxproj", "{5BA58DB1-0C21-31FE-B8C1-85C0F378FCA5}"
	ProjectSection(ProjectDependencies) = postProject
		{1F7B2C0F-A2F6-3CF6-AC0E-54216D086E26} = {1F7B2C0F-A2F6-3CF6-AC0E-54216D086E26}
		{CAE0B0CF-79D8-3BF0-98DC-E9E357AC4AA9} = {CAE0B0CF-79D8-3BF0-98DC-E9E357AC4AA9}
	EndProjectSection
EndProject
Project("{8BC9CEB8-8B4A-11D0-8D11-00A0C91BC942}") = "cefsimple", "tests\cefsimple\cefsimple.vcxproj", "{9DE4FEAC-3FBF-3D4A-9131-3FA7D92ACAA8}"
	ProjectSection(ProjectDependencies) = postProject
		{1F7B2C0F-A2F6-3CF6-AC0E-54216D086E26} = {1F7B2C0F-A2F6-3CF6-AC0E-54216D086E26}
		{CAE0B0CF-79D8-3BF0-98DC-E9E357AC4AA9} = {CAE0B0CF-79D8-3BF0-98DC-E9E357AC4AA9}
	EndProjectSection
EndProject
Project("{8BC9CEB8-8B4A-11D0-8D11-00A0C91BC942}") = "ceftests", "tests\ceftests\ceftests.vcxproj", "{B0129E00-3A49-34AE-AC5C-76B2397C9FE2}"
	ProjectSection(ProjectDependencies) = postProject
		{1F7B2C0F-A2F6-3CF6-AC0E-54216D086E26} = {1F7B2C0F-A2F6-3CF6-AC0E-54216D086E26}
		{7F997877-4E1E-3825-948E-2BFD7E3FB467} = {7F997877-4E1E-3825-948E-2BFD7E3FB467}
		{CAE0B0CF-79D8-3BF0-98DC-E9E357AC4AA9} = {CAE0B0CF-79D8-3BF0-98DC-E9E357AC4AA9}
	EndProjectSection
EndProject
Project("{8BC9CEB8-8B4A-11D0-8D11-00A0C91BC942}") = "libcef_dll_wrapper", "libcef_dll_wrapper\libcef_dll_wrapper.vcxproj", "{CAE0B0CF-79D8-3BF0-98DC-E9E357AC4AA9}"
	ProjectSection(ProjectDependencies) = postProject
		{1F7B2C0F-A2F6-3CF6-AC0E-54216D086E26} = {1F7B2C0F-A2F6-3CF6-AC0E-54216D086E26}
	EndProjectSection
EndProject
Global
	GlobalSection(SolutionConfigurationPlatforms) = preSolution
		Debug|Win32 = Debug|Win32
		Release|Win32 = Release|Win32
	EndGlobalSection
	GlobalSection(ProjectConfigurationPlatforms) = postSolution
		{EE6577FD-9EB3-30D4-9E0F-BBF097169DCC}.Debug|Win32.ActiveCfg = Debug|Win32
		{EE6577FD-9EB3-30D4-9E0F-BBF097169DCC}.Release|Win32.ActiveCfg = Release|Win32
		{1F7B2C0F-A2F6-3CF6-AC0E-54216D086E26}.Debug|Win32.ActiveCfg = Debug|Win32
		{1F7B2C0F-A2F6-3CF6-AC0E-54216D086E26}.Debug|Win32.Build.0 = Debug|Win32
		{1F7B2C0F-A2F6-3CF6-AC0E-54216D086E26}.Release|Win32.ActiveCfg = Release|Win32
		{1F7B2C0F-A2F6-3CF6-AC0E-54216D086E26}.Release|Win32.Build.0 = Release|Win32
		{7F997877-4E1E-3825-948E-2BFD7E3FB467}.Debug|Win32.ActiveCfg = Debug|Win32
		{7F997877-4E1E-3825-948E-2BFD7E3FB467}.Debug|Win32.Build.0 = Debug|Win32
		{7F997877-4E1E-3825-948E-2BFD7E3FB467}.Release|Win32.ActiveCfg = Release|Win32
		{7F997877-4E1E-3825-948E-2BFD7E3FB467}.Release|Win32.Build.0 = Release|Win32
		{5BA58DB1-0C21-31FE-B8C1-85C0F378FCA5}.Debug|Win32.ActiveCfg = Debug|Win32
		{5BA58DB1-0C21-31FE-B8C1-85C0F378FCA5}.Debug|Win32.Build.0 = Debug|Win32
		{5BA58DB1-0C21-31FE-B8C1-85C0F378FCA5}.Release|Win32.ActiveCfg = Release|Win32
		{5BA58DB1-0C21-31FE-B8C1-85C0F378FCA5}.Release|Win32.Build.0 = Release|Win32
		{9DE4FEAC-3FBF-3D4A-9131-3FA7D92ACAA8}.Debug|Win32.ActiveCfg = Debug|Win32
		{9DE4FEAC-3FBF-3D4A-9131-3FA7D92ACAA8}.Debug|Win32.Build.0 = Debug|Win32
		{9DE4FEAC-3FBF-3D4A-9131-3FA7D92ACAA8}.Release|Win32.ActiveCfg = Release|Win32
		{9DE4FEAC-3FBF-3D4A-9131-3FA7D92ACAA8}.Release|Win32.Build.0 = Release|Win32
		{B0129E00-3A49-34AE-AC5C-76B2397C9FE2}.Debug|Win32.ActiveCfg = Debug|Win32
		{B0129E00-3A49-34AE-AC5C-76B2397C9FE2}.Debug|Win32.Build.0 = Debug|Win32
		{B0129E00-3A49-34AE-AC5C-76B2397C9FE2}.Release|Win32.ActiveCfg = Release|Win32
		{B0129E00-3A49-34AE-AC5C-76B2397C9FE2}.Release|Win32.Build.0 = Release|Win32
		{CAE0B0CF-79D8-3BF0-98DC-E9E357AC4AA9}.Debug|Win32.ActiveCfg = Debug|Win32
		{CAE0B0CF-79D8-3BF0-98DC-E9E357AC4AA9}.Debug|Win32.Build.0 = Debug|Win32
		{CAE0B0CF-79D8-3BF0-98DC-E9E357AC4AA9}.Release|Win32.ActiveCfg = Release|Win32
		{CAE0B0CF-79D8-3BF0-98DC-E9E357AC4AA9}.Release|Win32.Build.0 = Release|Win32
	EndGlobalSection
	GlobalSection(ExtensibilityGlobals) = postSolution
		SolutionGuid = {8128E2B2-78BE-35C1-9EB1-56B64BDA3EEC}
	EndGlobalSection
	GlobalSection(ExtensibilityAddIns) = postSolution
	EndGlobalSection
EndGlobal
